{
  "requires": true,
  "lockfileVersion": 1,
  "dependencies": {
    "bluebird": {
      "version": "3.5.2",
      "resolved": "https://registry.npmjs.org/bluebird/-/bluebird-3.5.2.tgz",
      "integrity": "sha512-dhHTWMI7kMx5whMQntl7Vr9C6BvV10lFXDAasnqnrMYhXVCzzk6IO9Fo2L75jXHT07WrOngL1WDXOp+yYS91Yg=="
    },
    "core-util-is": {
      "version": "1.0.2",
      "resolved": "https://registry.npmjs.org/core-util-is/-/core-util-is-1.0.2.tgz",
      "integrity": "sha1-tf1UIgqivFq1eqtxQMlAdUUDwac="
    },
    "ftp": {
      "version": "0.3.10",
      "resolved": "https://registry.npmjs.org/ftp/-/ftp-0.3.10.tgz",
      "integrity": "sha1-kZfYYa2BQvPmPVqDv+TFn3MwiF0=",
      "requires": {
        "readable-stream": "1.1.14",
        "xregexp": "2.0.0"
      }
    },
    "inherits": {
      "version": "2.0.3",
      "resolved": "https://registry.npmjs.org/inherits/-/inherits-2.0.3.tgz",
      "integrity": "sha1-Yzwsg+PaQqUC9SRmAiSA9CCCYd4="
    },
    "isarray": {
      "version": "0.0.1",
      "resolved": "https://registry.npmjs.org/isarray/-/isarray-0.0.1.tgz",
      "integrity": "sha1-ihis/Kmo9Bd+Cav8YDiTmwXR7t8="
    },
    "lodash._baseassign": {
      "version": "3.2.0",
      "resolved": "https://registry.npmjs.org/lodash._baseassign/-/lodash._baseassign-3.2.0.tgz",
      "integrity": "sha1-jDigmVAPIVrQnlnxci/QxSv+Ck4=",
      "requires": {
        "lodash._basecopy": "3.0.1",
        "lodash.keys": "3.1.2"
      }
    },
    "lodash._basecopy": {
      "version": "3.0.1",
      "resolved": "https://registry.npmjs.org/lodash._basecopy/-/lodash._basecopy-3.0.1.tgz",
      "integrity": "sha1-jaDmqHbPNEwK2KVIghEd08XHyjY="
    },
    "lodash._bindcallback": {
      "version": "3.0.1",
      "resolved": "https://registry.npmjs.org/lodash._bindcallback/-/lodash._bindcallback-3.0.1.tgz",
      "integrity": "sha1-5THCdkTPi1epnhftlbNcdIeJOS4="
    },
    "lodash._createassigner": {
      "version": "3.1.1",
      "resolved": "https://registry.npmjs.org/lodash._createassigner/-/lodash._createassigner-3.1.1.tgz",
      "integrity": "sha1-g4pbri/aymOsIt7o4Z+k5taXCxE=",
      "requires": {
        "lodash._bindcallback": "3.0.1",
        "lodash._isiterateecall": "3.0.9",
        "lodash.restparam": "3.6.1"
      }
    },
    "lodash._getnative": {
      "version": "3.9.1",
      "resolved": "https://registry.npmjs.org/lodash._getnative/-/lodash._getnative-3.9.1.tgz",
      "integrity": "sha1-VwvH3t5G1hzc3mh9ZdPuy6o6r/U="
    },
    "lodash._isiterateecall": {
      "version": "3.0.9",
      "resolved": "https://registry.npmjs.org/lodash._isiterateecall/-/lodash._isiterateecall-3.0.9.tgz",
      "integrity": "sha1-UgOte6Ql+uhCRg5pbbnPPmqsBXw="
    },
    "lodash.assign": {
      "version": "3.2.0",
      "resolved": "https://registry.npmjs.org/lodash.assign/-/lodash.assign-3.2.0.tgz",
      "integrity": "sha1-POnwI0tLIiPilrj6CsH+6OvKZPo=",
      "requires": {
        "lodash._baseassign": "3.2.0",
        "lodash._createassigner": "3.1.1",
        "lodash.keys": "3.1.2"
      }
    },
    "lodash.defaults": {
      "version": "3.1.2",
      "resolved": "https://registry.npmjs.org/lodash.defaults/-/lodash.defaults-3.1.2.tgz",
      "integrity": "sha1-xzCLGNv4vJNy1wGnNJPGEZK9Liw=",
      "requires": {
        "lodash.assign": "3.2.0",
        "lodash.restparam": "3.6.1"
      }
    },
    "lodash.isarguments": {
      "version": "3.1.0",
      "resolved": "https://registry.npmjs.org/lodash.isarguments/-/lodash.isarguments-3.1.0.tgz",
      "integrity": "sha1-L1c9hcaiQon/AGY7SRwdM4/zRYo="
    },
    "lodash.isarray": {
      "version": "3.0.4",
      "resolved": "https://registry.npmjs.org/lodash.isarray/-/lodash.isarray-3.0.4.tgz",
      "integrity": "sha1-eeTriMNqgSKvhvhEqpvNhRtfu1U="
    },
    "lodash.keys": {
      "version": "3.1.2",
      "resolved": "https://registry.npmjs.org/lodash.keys/-/lodash.keys-3.1.2.tgz",
      "integrity": "sha1-TbwEcrFWvlCgsoaFXRvQsMZWCYo=",
      "requires": {
        "lodash._getnative": "3.9.1",
        "lodash.isarguments": "3.1.0",
        "lodash.isarray": "3.0.4"
      }
    },
    "lodash.restparam": {
      "version": "3.6.1",
      "resolved": "https://registry.npmjs.org/lodash.restparam/-/lodash.restparam-3.6.1.tgz",
      "integrity": "sha1-k2pOMJ7zMKdkXtQUWYbIWuWyCAU="
    },
    "multer-ftp": {
      "version": "1.2.0",
      "resolved": "https://registry.npmjs.org/multer-ftp/-/multer-ftp-1.2.0.tgz",
      "integrity": "sha1-g8a8CvE7uuZ8ru4uBeQ77seyRFc=",
      "requires": {
        "bluebird": "3.5.2",
        "ftp": "0.3.10",
        "lodash.defaults": "3.1.2"
      }
    },
    "readable-stream": {
      "version": "1.1.14",
      "resolved": "http://registry.npmjs.org/readable-stream/-/readable-stream-1.1.14.tgz",
      "integrity": "sha1-fPTFTvZI44EwhMY23SB54WbAgdk=",
      "requires": {
        "core-util-is": "1.0.2",
        "inherits": "2.0.3",
        "isarray": "0.0.1",
        "string_decoder": "0.10.31"
      }
    },
    "string_decoder": {
      "version": "0.10.31",
      "resolved": "https://registry.npmjs.org/string_decoder/-/string_decoder-0.10.31.tgz",
      "integrity": "sha1-YuIDvEF2bGwoyfyEMB2rHFMQ+pQ="
    },
    "xregexp": {
      "version": "2.0.0",
      "resolved": "https://registry.npmjs.org/xregexp/-/xregexp-2.0.0.tgz",
      "integrity": "sha1-UqY+VsoLhKfzpfPWGHLxJq16WUM="
    }
  }
}
